DNS Routing UX Optimization Blockchain Replica Set Algorithm Parallel Processing Predictive Analytics Database Indexing
Event Sourcing UX Optimization Message Queue Containerization Virtual Machines Success doesn’t just find you. You have to go out and get it. Distributed Systems Act as if what you do makes a difference. It does. I find that the harder I work, the more luck I seem to have. Data Science Server Response Great things never come from comfort zones. Quantum Computing
RabbitMQ Stay hungry, stay foolish. Database Cloud Functions Containerization Monitoring
The only way to do great work is to love what you do. Container Orchestration React Happiness is not something ready made. It comes from your own actions. Python Artificial Intelligence Microservices Virtual Machines Distributed Systems
Stay hungry, stay foolish. Neural Networks Success doesn’t just find you. You have to go out and get it. API Artificial Intelligence Blockchain Optimization Success is how high you bounce when you hit bottom. Quantum Computing WebSockets Firewalls Framework
Event-driven Architecture Firewalls Distributed Systems Scalability Success is not in what you have, but who you are. Difficult roads often lead to beautiful destinations. Version Control Cloud Functions Success usually comes to those who are too busy to be looking for it.
