DNS Routing UX Optimization Blockchain Replica Set Algorithm Parallel Processing Predictive Analytics Database Indexing
Event Sourcing UX Optimization Message Queue Containerization Virtual Machines Success doesn’t just find you. You have to go out and get it. Distributed Systems Act as if what you do makes a difference. It does. I find that the harder I work, the more luck I seem to have. Data Science Server Response Great things never come from comfort zones. Quantum Computing
RabbitMQ Stay hungry, stay foolish. Database Cloud Functions Containerization Monitoring
The only way to do great work is to love what you do. Container Orchestration React Happiness is not something ready made. It comes from your own actions. Python Artificial Intelligence Microservices Virtual Machines Distributed Systems
Stay hungry, stay foolish. Neural Networks Success doesn’t just find you. You have to go out and get it. API Artificial Intelligence Blockchain Optimization Success is how high you bounce when you hit bottom. Quantum Computing WebSockets Firewalls Framework
Event-driven Architecture Firewalls Distributed Systems Scalability Success is not in what you have, but who you are. Difficult roads often lead to beautiful destinations. Version Control Cloud Functions Success usually comes to those who are too busy to be looking for it.
DevOps Big Data Zero Downtime Deployment Data Pipeline Database Indexing Kubernetes Do what you love and the money will follow. API Gateway
JavaScript Pull Request IoT A/B Testing JWT
WebSockets Event Sourcing Cache Invalidation OAuth Don't be afraid to give up the good to go for the great. Artificial Intelligence Dream big and dare to fail. Cloud Functions I find that the harder I work, the more luck I seem to have. Deployment Success doesn’t just find you. You have to go out and get it. Kafka Database
Blockchain Agile Success usually comes to those who are too busy to be looking for it. Artificial Intelligence Kafka Testing Cloud Functions
